
Microsoft Visual Studio Solution File, Format Version 12.00
# Visual Studio Version 17
VisualStudioVersion = 17.4.33205.214
MinimumVisualStudioVersion = 10.0.40219.1
Project("{FAE04EC0-301F-11D3-BF4B-00C04F79EFBC}") = "LAB03", "LAB03\LAB03.csproj", "{C608EC92-8930-4ED9-B788-FEB3D6336E7B}"
EndProject
Global
	GlobalSection(SolutionConfigurationPlatforms) = preSolution
		Debug|Any CPU = Debug|Any CPU
		Release|Any CPU = Release|Any CPU
	EndGlobalSection
	GlobalSection(ProjectConfigurationPlatforms) = postSolution
		{C608EC92-8930-4ED9-B788-FEB3D6336E7B}.Debug|Any CPU.ActiveCfg = Debug|Any CPU
		{C608EC92-8930-4ED9-B788-FEB3D6336E7B}.Debug|Any CPU.Build.0 = Debug|Any CPU
		{C608EC92-8930-4ED9-B788-FEB3D6336E7B}.Release|Any CPU.ActiveCfg = Release|Any CPU
		{C608EC92-8930-4ED9-B788-FEB3D6336E7B}.Release|Any CPU.Build.0 = Release|Any CPU
	EndGlobalSection
	GlobalSection(SolutionProperties) = preSolution
		HideSolutionNode = FALSE
	EndGlobalSection
	GlobalSection(ExtensibilityGlobals) = postSolution
		SolutionGuid = {12B49BF2-4C62-46AA-80C5-B603D9F4EDD0}
	EndGlobalSection
EndGlobal
